// !$*UTF8*$!
{
	archiveVersion = 1;
	classes = {
	};
	objectVersion = 50;
	objects = {

/* Begin PBXBuildFile section */
		F520C53B25AEE3AD0055FC52 /* SmartfaceImageTestApp.swift in Sources */ = {isa = PBXBuildFile; fileRef = F520C52825AEE3AC0055FC52 /* SmartfaceImageTestApp.swift */; };
		F520C53C25AEE3AD0055FC52 /* SmartfaceImageTestApp.swift in Sources */ = {isa = PBXBuildFile; fileRef = F520C52825AEE3AC0055FC52 /* SmartfaceImageTestApp.swift */; };
		F520C53D25AEE3AD0055FC52 /* ContentView.swift in Sources */ = {isa = PBXBuildFile; fileRef = F520C52925AEE3AC0055FC52 /* ContentView.swift */; };
		F520C53E25AEE3AD0055FC52 /* ContentView.swift in Sources */ = {isa = PBXBuildFile; fileRef = F520C52925AEE3AC0055FC52 /* ContentView.swift */; };
		F520C53F25AEE3AD0055FC52 /* Assets.xcassets in Resources */ = {isa = PBXBuildFile; fileRef = F520C52A25AEE3AD0055FC52 /* Assets.xcassets */; };
		F520C54025AEE3AD0055FC52 /* Assets.xcassets in Resources */ = {isa = PBXBuildFile; fileRef = F520C52A25AEE3AD0055FC52 /* Assets.xcassets */; };
/* End PBXBuildFile section */

/* Begin PBXFileReference section */
		F520C52825AEE3AC0055FC52 /* SmartfaceImageTestApp.swift */ = {isa = PBXFileReference; lastKnownFileType = sourcecode.swift; path = SmartfaceImageTestApp.swift; sourceTree = "<group>"; };
		F520C52925AEE3AC0055FC52 /* ContentView.swift */ = {isa = PBXFileReference; lastKnownFileType = sourcecode.swift; path = ContentView.swift; sourceTree = "<group>"; };
		F520C52A25AEE3AD0055FC52 /* Assets.xcassets */ = {isa = PBXFileReference; lastKnownFileType = folder.assetcatalog; path = Assets.xcassets; sourceTree = "<group>"; };
		F520C52F25AEE3AD0055FC52 /* SmartfaceImageTest.app */ = {isa = PBXFileReference; explicitFileType = wrapper.application; includeInIndex = 0; path = SmartfaceImageTest.app; sourceTree = BUILT_PRODUCTS_DIR; };
		F520C53225AEE3AD0055FC52 /* Info.plist */ = {isa = PBXFileReference; lastKnownFileType = text.plist.xml; path = Info.plist; sourceTree = "<group>"; };
		F520C53725AEE3AD0055FC52 /* SmartfaceImageTest.app */ = {isa = PBXFileReference; explicitFileType = wrapper.application; includeInIndex = 0; path = SmartfaceImageTest.app; sourceTree = BUILT_PRODUCTS_DIR; };
		F520C53925AEE3AD0055FC52 /* Info.plist */ = {isa = PBXFileReference; lastKnownFileType = text.plist.xml; path = Info.plist; sourceTree = "<group>"; };
		F520C53A25AEE3AD0055FC52 /* macOS.entitlements */ = {isa = PBXFileReference; lastKnownFileType = text.plist.entitlements; path = macOS.entitlements; sourceTree = "<group>"; };
/* End PBXFileReference section */

/* Begin PBXFrameworksBuildPhase section */
		F520C52C25AEE3AD0055FC52 /* Frameworks */ = {
			isa = PBXFrameworksBuildPhase;
			buildActionMask = 2147483647;
			files = (
			);
			runOnlyForDeploymentPostprocessing = 0;
		};
		F520C53425AEE3AD0055FC52 /* Frameworks */ = {
			isa = PBXFrameworksBuildPhase;
			buildActionMask = 2147483647;
			files = (
			);
			runOnlyForDeploymentPostprocessing = 0;
		};
/* End PBXFrameworksBuildPhase section */

/* Begin PBXGroup section */
		F520C52225AEE3AC0055FC52 = {
			isa = PBXGroup;
			children = (
				F520C52725AEE3AC0055FC52 /* Shared */,
				F520C53125AEE3AD0055FC52 /* iOS */,
				F520C53825AEE3AD0055FC52 /* macOS */,
				F520C53025AEE3AD0055FC52 /* Products */,
			);
			sourceTree = "<group>";
		};
		F520C52725AEE3AC0055FC52 /* Shared */ = {
			isa = PBXGroup;
			children = (
				F520C52825AEE3AC0055FC52 /* SmartfaceImageTestApp.swift */,
				F520C52925AEE3AC0055FC52 /* ContentView.swift */,
				F520C52A25AEE3AD0055FC52 /* Assets.xcassets */,
			);
			path = Shared;
			sourceTree = "<group>";
		};
		F520C53025AEE3AD0055FC52 /* Products */ = {
			isa = PBXGroup;
			children = (
				F520C52F25AEE3AD0055FC52 /* SmartfaceImageTest.app */,
				F520C53725AEE3AD0055FC52 /* SmartfaceImageTest.app */,
			);
			name = Products;
			sourceTree = "<group>";
		};
		F520C53125AEE3AD0055FC52 /* iOS */ = {
			isa = PBXGroup;
			children = (
				F520C53225AEE3AD0055FC52 /* Info.plist */,
			);
			path = iOS;
			sourceTree = "<group>";
		};
		F520C53825AEE3AD0055FC52 /* macOS */ = {
			isa = PBXGroup;
			children = (
				F520C53925AEE3AD0055FC52 /* Info.plist */,
				F520C53A25AEE3AD0055FC52 /* macOS.entitlements */,
			);
			path = macOS;
			sourceTree = "<group>";
		};
/* End PBXGroup section */

/* Begin PBXNativeTarget section */
		F520C52E25AEE3AD0055FC52 /* SmartfaceImageTest (iOS) */ = {
			isa = PBXNativeTarget;
			buildConfigurationList = F520C54325AEE3AD0055FC52 /* Build configuration list for PBXNativeTarget "SmartfaceImageTest (iOS)" */;
			buildPhases = (
				F520C52B25AEE3AD0055FC52 /* Sources */,
				F520C52C25AEE3AD0055FC52 /* Frameworks */,
				F520C52D25AEE3AD0055FC52 /* Resources */,
			);
			buildRules = (
			);
			dependencies = (
			);
			name = "SmartfaceImageTest (iOS)";
			productName = "SmartfaceImageTest (iOS)";
			productReference = F520C52F25AEE3AD0055FC52 /* SmartfaceImageTest.app */;
			productType = "com.apple.product-type.application";
		};
		F520C53625AEE3AD0055FC52 /* SmartfaceImageTest (macOS) */ = {
			isa = PBXNativeTarget;
			buildConfigurationList = F520C54625AEE3AD0055FC52 /* Build configuration list for PBXNativeTarget "SmartfaceImageTest (macOS)" */;
			buildPhases = (
				F520C53325AEE3AD0055FC52 /* Sources */,
				F520C53425AEE3AD0055FC52 /* Frameworks */,
				F520C53525AEE3AD0055FC52 /* Resources */,
			);
			buildRules = (
			);
			dependencies = (
			);
			name = "SmartfaceImageTest (macOS)";
			productName = "SmartfaceImageTest (macOS)";
			productReference = F520C53725AEE3AD0055FC52 /* SmartfaceImageTest.app */;
			productType = "com.apple.product-type.application";
		};
/* End PBXNativeTarget section */

/* Begin PBXProject section */
		F520C52325AEE3AC0055FC52 /* Project object */ = {
			isa = PBXProject;
			attributes = {
				LastSwiftUpdateCheck = 1230;
				LastUpgradeCheck = 1230;
				TargetAttributes = {
					F520C52E25AEE3AD0055FC52 = {
						CreatedOnToolsVersion = 12.3;
					};
					F520C53625AEE3AD0055FC52 = {
						CreatedOnToolsVersion = 12.3;
					};
				};
			};
			buildConfigurationList = F520C52625AEE3AC0055FC52 /* Build configuration list for PBXProject "SmartfaceImageTest" */;
			compatibilityVersion = "Xcode 9.3";
			developmentRegion = en;
			hasScannedForEncodings = 0;
			knownRegions = (
				en,
				Base,
			);
			mainGroup = F520C52225AEE3AC0055FC52;
			productRefGroup = F520C53025AEE3AD0055FC52 /* Products */;
			projectDirPath = "";
			projectRoot = "";
			targets = (
				F520C52E25AEE3AD0055FC52 /* SmartfaceImageTest (iOS) */,
				F520C53625AEE3AD0055FC52 /* SmartfaceImageTest (macOS) */,
			);
		};
/* End PBXProject section */

/* Begin PBXResourcesBuildPhase section */
		F520C52D25AEE3AD0055FC52 /* Resources */ = {
			isa = PBXResourcesBuildPhase;
			buildActionMask = 2147483647;
			files = (
				F520C53F25AEE3AD0055FC52 /* Assets.xcassets in Resources */,
			);
			runOnlyForDeploymentPostprocessing = 0;
		};
		F520C53525AEE3AD0055FC52 /* Resources */ = {
			isa = PBXResourcesBuildPhase;
			buildActionMask = 2147483647;
			files = (
				F520C54025AEE3AD0055FC52 /* Assets.xcassets in Resources */,
			);
			runOnlyForDeploymentPostprocessing = 0;
		};
/* End PBXResourcesBuildPhase section */

/* Begin PBXSourcesBuildPhase section */
		F520C52B25AEE3AD0055FC52 /* Sources */ = {
			isa = PBXSourcesBuildPhase;
			buildActionMask = 2147483647;
			files = (
				F520C53D25AEE3AD0055FC52 /* ContentView.swift in Sources */,
				F520C53B25AEE3AD0055FC52 /* SmartfaceImageTestApp.swift in Sources */,
			);
			runOnlyForDeploymentPostprocessing = 0;
		};
		F520C53325AEE3AD0055FC52 /* Sources */ = {
			isa = PBXSourcesBuildPhase;
			buildActionMask = 2147483647;
			files = (
				F520C53E25AEE3AD0055FC52 /* ContentView.swift in Sources */,
				F520C53C25AEE3AD0055FC52 /* SmartfaceImageTestApp.swift in Sources */,
			);
			runOnlyForDeploymentPostprocessing = 0;
		};
/* End PBXSourcesBuildPhase section */

/* Begin XCBuildConfiguration section */
		F520C54125AEE3AD0055FC52 /* Debug */ = {
			isa = XCBuildConfiguration;
			buildSettings = {
				ALWAYS_SEARCH_USER_PATHS = NO;
				CLANG_ANALYZER_NONNULL = YES;
				CLANG_ANALYZER_NUMBER_OBJECT_CONVERSION = YES_AGGRESSIVE;
				CLANG_CXX_LANGUAGE_STANDARD = "gnu++14";
				CLANG_CXX_LIBRARY = "libc++";
				CLANG_ENABLE_MODULES = YES;
				CLANG_ENABLE_OBJC_ARC = YES;
				CLANG_ENABLE_OBJC_WEAK = YES;
				CLANG_WARN_BLOCK_CAPTURE_AUTORELEASING = YES;
				CLANG_WARN_BOOL_CONVERSION = YES;
				CLANG_WARN_COMMA = YES;
				CLANG_WARN_CONSTANT_CONVERSION = YES;
				CLANG_WARN_DEPRECATED_OBJC_IMPLEMENTATIONS = YES;
				CLANG_WARN_DIRECT_OBJC_ISA_USAGE = YES_ERROR;
				CLANG_WARN_DOCUMENTATION_COMMENTS = YES;
				CLANG_WARN_EMPTY_BODY = YES;
				CLANG_WARN_ENUM_CONVERSION = YES;
				CLANG_WARN_INFINITE_RECURSION = YES;
				CLANG_WARN_INT_CONVERSION = YES;
				CLANG_WARN_NON_LITERAL_NULL_CONVERSION = YES;
				CLANG_WARN_OBJC_IMPLICIT_RETAIN_SELF = YES;
				CLANG_WARN_OBJC_LITERAL_CONVERSION = YES;
				CLANG_WARN_OBJC_ROOT_CLASS = YES_ERROR;
				CLANG_WARN_QUOTED_INCLUDE_IN_FRAMEWORK_HEADER = YES;
				CLANG_WARN_RANGE_LOOP_ANALYSIS = YES;
				CLANG_WARN_STRICT_PROTOTYPES = YES;
				CLANG_WARN_SUSPICIOUS_MOVE = YES;
				CLANG_WARN_UNGUARDED_AVAILABILITY = YES_AGGRESSIVE;
				CLANG_WARN_UNREACHABLE_CODE = YES;
				CLANG_WARN__DUPLICATE_METHOD_MATCH = YES;
				COPY_PHASE_STRIP = NO;
				DEBUG_INFORMATION_FORMAT = dwarf;
				ENABLE_STRICT_OBJC_MSGSEND = YES;
				ENABLE_TESTABILITY = YES;
				GCC_C_LANGUAGE_STANDARD = gnu11;
				GCC_DYNAMIC_NO_PIC = NO;
				GCC_NO_COMMON_BLOCKS = YES;
				GCC_OPTIMIZATION_LEVEL = 0;
				GCC_PREPROCESSOR_DEFINITIONS = (
					"DEBUG=1",
					"$(inherited)",
				);
				GCC_WARN_64_TO_32_BIT_CONVERSION = YES;
				GCC_WARN_ABOUT_RETURN_TYPE = YES_ERROR;
				GCC_WARN_UNDECLARED_SELECTOR = YES;
				GCC_WARN_UNINITIALIZED_AUTOS = YES_AGGRESSIVE;
				GCC_WARN_UNUSED_FUNCTION = YES;
				GCC_WARN_UNUSED_VARIABLE = YES;
				MTL_ENABLE_DEBUG_INFO = INCLUDE_SOURCE;
				MTL_FAST_MATH = YES;
				ONLY_ACTIVE_ARCH = YES;
				SWIFT_ACTIVE_COMPILATION_CONDITIONS = DEBUG;
				SWIFT_OPTIMIZATION_LEVEL = "-Onone";
			};
			name = Debug;
		};
		F520C54225AEE3AD0055FC52 /* Release */ = {
			isa = XCBuildConfiguration;
			buildSettings = {
				ALWAYS_SEARCH_USER_PATHS = NO;
				CLANG_ANALYZER_NONNULL = YES;
				CLANG_ANALYZER_NUMBER_OBJECT_CONVERSION = YES_AGGRESSIVE;
				CLANG_CXX_LANGUAGE_STANDARD = "gnu++14";
				CLANG_CXX_LIBRARY = "libc++";
				CLANG_ENABLE_MODULES = YES;
				CLANG_ENABLE_OBJC_ARC = YES;
				CLANG_ENABLE_OBJC_WEAK = YES;
				CLANG_WARN_BLOCK_CAPTURE_AUTORELEASING = YES;
				CLANG_WARN_BOOL_CONVERSION = YES;
				CLANG_WARN_COMMA = YES;
				CLANG_WARN_CONSTANT_CONVERSION = YES;
				CLANG_WARN_DEPRECATED_OBJC_IMPLEMENTATIONS = YES;
				CLANG_WARN_DIRECT_OBJC_ISA_USAGE = YES_ERROR;
				CLANG_WARN_DOCUMENTATION_COMMENTS = YES;
				CLANG_WARN_EMPTY_BODY = YES;
				CLANG_WARN_ENUM_CONVERSION = YES;
				CLANG_WARN_INFINITE_RECURSION = YES;
				CLANG_WARN_INT_CONVERSION = YES;
				CLANG_WARN_NON_LITERAL_NULL_CONVERSION = YES;
				CLANG_WARN_OBJC_IMPLICIT_RETAIN_SELF = YES;
				CLANG_WARN_OBJC_LITERAL_CONVERSION = YES;
				CLANG_WARN_OBJC_ROOT_CLASS = YES_ERROR;
				CLANG_WARN_QUOTED_INCLUDE_IN_FRAMEWORK_HEADER = YES;
				CLANG_WARN_RANGE_LOOP_ANALYSIS = YES;
				CLANG_WARN_STRICT_PROTOTYPES = YES;
				CLANG_WARN_SUSPICIOUS_MOVE = YES;
				CLANG_WARN_UNGUARDED_AVAILABILITY = YES_AGGRESSIVE;
				CLANG_WARN_UNREACHABLE_CODE = YES;
				CLANG_WARN__DUPLICATE_METHOD_MATCH = YES;
				COPY_PHASE_STRIP = NO;
				DEBUG_INFORMATION_FORMAT = "dwarf-with-dsym";
				ENABLE_NS_ASSERTIONS = NO;
				ENABLE_STRICT_OBJC_MSGSEND = YES;
				GCC_C_LANGUAGE_STANDARD = gnu11;
				GCC_NO_COMMON_BLOCKS = YES;
				GCC_WARN_64_TO_32_BIT_CONVERSION = YES;
				GCC_WARN_ABOUT_RETURN_TYPE = YES_ERROR;
				GCC_WARN_UNDECLARED_SELECTOR = YES;
				GCC_WARN_UNINITIALIZED_AUTOS = YES_AGGRESSIVE;
				GCC_WARN_UNUSED_FUNCTION = YES;
				GCC_WARN_UNUSED_VARIABLE = YES;
				MTL_ENABLE_DEBUG_INFO = NO;
				MTL_FAST_MATH = YES;
				SWIFT_COMPILATION_MODE = wholemodule;
				SWIFT_OPTIMIZATION_LEVEL = "-O";
			};
			name = Release;
		};
		F520C54425AEE3AD0055FC52 /* Debug */ = {
			isa = XCBuildConfiguration;
			buildSettings = {
				ASSETCATALOG_COMPILER_APPICON_NAME = AppIcon;
				ASSETCATALOG_COMPILER_GLOBAL_ACCENT_COLOR_NAME = AccentColor;
				CODE_SIGN_STYLE = Automatic;
				DEVELOPMENT_TEAM = QUA97SJNBA;
				ENABLE_PREVIEWS = YES;
				INFOPLIST_FILE = iOS/Info.plist;
				IPHONEOS_DEPLOYMENT_TARGET = 14.0;
				LD_RUNPATH_SEARCH_PATHS = (
					"$(inherited)",
					"@executable_path/Frameworks",
				);
				PRODUCT_BUNDLE_IDENTIFIER = io.smartface.SmartfaceImageTest;
				PRODUCT_NAME = SmartfaceImageTest;
				SDKROOT = iphoneos;
				SWIFT_VERSION = 5.0;
				TARGETED_DEVICE_FAMILY = "1,2";
			};
			name = Debug;
		};
		F520C54525AEE3AD0055FC52 /* Release */ = {
			isa = XCBuildConfiguration;
			buildSettings = {
				ASSETCATALOG_COMPILER_APPICON_NAME = AppIcon;
				ASSETCATALOG_COMPILER_GLOBAL_ACCENT_COLOR_NAME = AccentColor;
				CODE_SIGN_STYLE = Automatic;
				DEVELOPMENT_TEAM = QUA97SJNBA;
				ENABLE_PREVIEWS = YES;
				INFOPLIST_FILE = iOS/Info.plist;
				IPHONEOS_DEPLOYMENT_TARGET = 14.0;
				LD_RUNPATH_SEARCH_PATHS = (
					"$(inherited)",
					"@executable_path/Frameworks",
				);
				PRODUCT_BUNDLE_IDENTIFIER = io.smartface.SmartfaceImageTest;
				PRODUCT_NAME = SmartfaceImageTest;
				SDKROOT = iphoneos;
				SWIFT_VERSION = 5.0;
				TARGETED_DEVICE_FAMILY = "1,2";
				VALIDATE_PRODUCT = YES;
			};
			name = Release;
		};
		F520C54725AEE3AD0055FC52 /* Debug */ = {
			isa = XCBuildConfiguration;
			buildSettings = {
				ASSETCATALOG_COMPILER_APPICON_NAME = AppIcon;
				ASSETCATALOG_COMPILER_GLOBAL_ACCENT_COLOR_NAME = AccentColor;
				CODE_SIGN_ENTITLEMENTS = macOS/macOS.entitlements;
				CODE_SIGN_STYLE = Automatic;
				COMBINE_HIDPI_IMAGES = YES;
				ENABLE_PREVIEWS = YES;
				INFOPLIST_FILE = macOS/Info.plist;
				LD_RUNPATH_SEARCH_PATHS = (
					"$(inherited)",
					"@executable_path/../Frameworks",
				);
				MACOSX_DEPLOYMENT_TARGET = 11.0;
				PRODUCT_BUNDLE_IDENTIFIER = io.smartface.SmartfaceImageTest;
				PRODUCT_NAME = SmartfaceImageTest;
				SDKROOT = macosx;
				SWIFT_VERSION = 5.0;
			};
			name = Debug;
		};
		F520C54825AEE3AD0055FC52 /* Release */ = {
			isa = XCBuildConfiguration;
			buildSettings = {
				ASSETCATALOG_COMPILER_APPICON_NAME = AppIcon;
				ASSETCATALOG_COMPILER_GLOBAL_ACCENT_COLOR_NAME = AccentColor;
				CODE_SIGN_ENTITLEMENTS = macOS/macOS.entitlements;
				CODE_SIGN_STYLE = Automatic;
				COMBINE_HIDPI_IMAGES = YES;
				ENABLE_PREVIEWS = YES;
				INFOPLIST_FILE = macOS/Info.plist;
				LD_RUNPATH_SEARCH_PATHS = (
					"$(inherited)",
					"@executable_path/../Frameworks",
				);
				MACOSX_DEPLOYMENT_TARGET = 11.0;
				PRODUCT_BUNDLE_IDENTIFIER = io.smartface.SmartfaceImageTest;
				PRODUCT_NAME = SmartfaceImageTest;
				SDKROOT = macosx;
				SWIFT_VERSION = 5.0;
			};
			name = Release;
		};
/* End XCBuildConfiguration section */

/* Begin XCConfigurationList section */
		F520C52625AEE3AC0055FC52 /* Build configuration list for PBXProject "SmartfaceImageTest" */ = {
			isa = XCConfigurationList;
			buildConfigurations = (
				F520C54125AEE3AD0055FC52 /* Debug */,
				F520C54225AEE3AD0055FC52 /* Release */,
			);
			defaultConfigurationIsVisible = 0;
			defaultConfigurationName = Release;
		};
		F520C54325AEE3AD0055FC52 /* Build configuration list for PBXNativeTarget "SmartfaceImageTest (iOS)" */ = {
			isa = XCConfigurationList;
			buildConfigurations = (
				F520C54425AEE3AD0055FC52 /* Debug */,
				F520C54525AEE3AD0055FC52 /* Release */,
			);
			defaultConfigurationIsVisible = 0;
			defaultConfigurationName = Release;
		};
		F520C54625AEE3AD0055FC52 /* Build configuration list for PBXNativeTarget "SmartfaceImageTest (macOS)" */ = {
			isa = XCConfigurationList;
			buildConfigurations = (
				F520C54725AEE3AD0055FC52 /* Debug */,
				F520C54825AEE3AD0055FC52 /* Release */,
			);
			defaultConfigurationIsVisible = 0;
			defaultConfigurationName = Release;
		};
/* End XCConfigurationList section */
	};
	rootObject = F520C52325AEE3AC0055FC52 /* Project object */;
}
